<?xml version="1.0" encoding="utf-8"?>
<Project ToolsVersion="4.0" xmlns="http://schemas.microsoft.com/developer/msbuild/2003">
  <ItemGroup>
    <Filter Include="Source Files">
      <UniqueIdentifier>{4FC737F1-C7A5-4376-A066-2A32D752A2FF}</UniqueIdentifier>
      <Extensions>cpp;c;cc;cxx;def;odl;idl;hpj;bat;asm;asmx</Extensions>
    </Filter>
    <Filter Include="Header Files">
      <UniqueIdentifier>{93995380-89BD-4b04-88EB-625FBE52EBFB}</UniqueIdentifier>
      <Extensions>h;hh;hpp;hxx;hm;inl;inc;xsd</Extensions>
    </Filter>
    <Filter Include="Resource Files">
      <UniqueIdentifier>{67DA6AB6-F800-4c08-8B7A-83BB121AAD01}</UniqueIdentifier>
      <Extensions>rc;ico;cur;bmp;dlg;rc2;rct;bin;rgs;gif;jpg;jpeg;jpe;resx;tiff;tif;png;wav;mfcribbon-ms</Extensions>
    </Filter>
    <Filter Include="Source Files\AGConfig">
      <UniqueIdentifier>{5325f2c0-8f74-4a30-b4d7-549097d44569}</UniqueIdentifier>
    </Filter>
    <Filter Include="Source Files\VideoFilter">
      <UniqueIdentifier>{c76e0300-de02-45dc-bc20-456ac357987d}</UniqueIdentifier>
    </Filter>
    <Filter Include="Source Files\AGClass">
      <UniqueIdentifier>{185ecb37-0706-4d1e-a207-f70fbec6a158}</UniqueIdentifier>
    </Filter>
    <Filter Include="Comutil">
      <UniqueIdentifier>{f93cb3b7-49ff-4d06-8534-07d13ac2d1e8}</UniqueIdentifier>
    </Filter>
  </ItemGroup>
  <ItemGroup>
    <Text Include="ReadMe.txt" />
  </ItemGroup>
  <ItemGroup>
    <ClInclude Include="SimplistAgoral_WinSDK.h">
      <Filter>Header Files</Filter>
    </ClInclude>
    <ClInclude Include="SimplistAgoral_WinSDKDlg.h">
      <Filter>Header Files</Filter>
    </ClInclude>
    <ClInclude Include="stdafx.h">
      <Filter>Header Files</Filter>
    </ClInclude>
    <ClInclude Include="targetver.h">
      <Filter>Header Files</Filter>
    </ClInclude>
    <ClInclude Include="Resource.h">
      <Filter>Header Files</Filter>
    </ClInclude>
    <ClInclude Include="agoralWrapper\AGConfig\AGConfig.h">
      <Filter>Source Files\AGConfig</Filter>
    </ClInclude>
    <ClInclude Include="agoralWrapper\AGFilter\video_preprocessing_plugin.h">
      <Filter>Source Files\VideoFilter</Filter>
    </ClInclude>
    <ClInclude Include="agoralWrapper\AGEngineEventHandler.h">
      <Filter>Source Files\AGClass</Filter>
    </ClInclude>
    <ClInclude Include="agoralWrapper\AGEventDef.h">
      <Filter>Source Files\AGClass</Filter>
    </ClInclude>
    <ClInclude Include="agoralWrapper\AGMessage.h">
      <Filter>Source Files\AGClass</Filter>
    </ClInclude>
    <ClInclude Include="agoralWrapper\AgoraAudInputManager.h">
      <Filter>Source Files\AGClass</Filter>
    </ClInclude>
    <ClInclude Include="agoralWrapper\AgoraCameraManager.h">
      <Filter>Source Files\AGClass</Filter>
    </ClInclude>
    <ClInclude Include="agoralWrapper\AgoraObject.h">
      <Filter>Source Files\AGClass</Filter>
    </ClInclude>
    <ClInclude Include="agoralWrapper\AgoraPlayoutManager.h">
      <Filter>Source Files\AGClass</Filter>
    </ClInclude>
    <ClInclude Include="agoralWrapper\AGResourceVisitor.h">
      <Filter>Source Files\AGClass</Filter>
    </ClInclude>
    <ClInclude Include="agoralWrapper\AgoralWrapper.h">
      <Filter>Source Files</Filter>
    </ClInclude>
    <ClInclude Include="agoralWrapper\DeviceManager.h">
      <Filter>Source Files</Filter>
    </ClInclude>
    <ClInclude Include="AGSliderCtrl.h">
      <Filter>Header Files</Filter>
    </ClInclude>
    <ClInclude Include="agoralWrapper\AgoralUtils.h">
      <Filter>Source Files\AGClass</Filter>
    </ClInclude>
    <ClInclude Include="ComUtil\BugTrapWrapper.h">
      <Filter>Comutil</Filter>
    </ClInclude>
    <ClInclude Include="DeviceNotifyMgr.h">
      <Filter>Header Files</Filter>
    </ClInclude>
    <ClInclude Include="agoralWrapper\UserManager.h">
      <Filter>Source Files</Filter>
    </ClInclude>
  </ItemGroup>
  <ItemGroup>
    <ClCompile Include="stdafx.cpp">
      <Filter>Source Files</Filter>
    </ClCompile>
    <ClCompile Include="agoralWrapper\AGConfig\AGConfig.cpp">
      <Filter>Source Files\AGConfig</Filter>
    </ClCompile>
    <ClCompile Include="agoralWrapper\AGFilter\video_preprocessing_plugin.cpp">
      <Filter>Source Files\VideoFilter</Filter>
    </ClCompile>
    <ClCompile Include="agoralWrapper\AGEngineEventHandler.cpp">
      <Filter>Source Files\AGClass</Filter>
    </ClCompile>
    <ClCompile Include="agoralWrapper\AgoraAudInputManager.cpp">
      <Filter>Source Files\AGClass</Filter>
    </ClCompile>
    <ClCompile Include="agoralWrapper\AgoraCameraManager.cpp">
      <Filter>Source Files\AGClass</Filter>
    </ClCompile>
    <ClCompile Include="agoralWrapper\AgoraObject.cpp">
      <Filter>Source Files\AGClass</Filter>
    </ClCompile>
    <ClCompile Include="agoralWrapper\AgoraPlayoutManager.cpp">
      <Filter>Source Files\AGClass</Filter>
    </ClCompile>
    <ClCompile Include="agoralWrapper\AGResourceVisitor.cpp">
      <Filter>Source Files\AGClass</Filter>
    </ClCompile>
    <ClCompile Include="SimplistAgoral_WinSDK.cpp">
      <Filter>Source Files\AGClass</Filter>
    </ClCompile>
    <ClCompile Include="agoralWrapper\AgoralWrapper.cpp">
      <Filter>Source Files</Filter>
    </ClCompile>
    <ClCompile Include="agoralWrapper\DeviceManager.cpp">
      <Filter>Source Files</Filter>
    </ClCompile>
    <ClCompile Include="AGSliderCtrl.cpp">
      <Filter>Source Files</Filter>
    </ClCompile>
    <ClCompile Include="agoralWrapper\AgoralUtils.cpp">
      <Filter>Source Files\AGClass</Filter>
    </ClCompile>
    <ClCompile Include="SimplistAgoral_WinSDKDlg.cpp">
      <Filter>Source Files</Filter>
    </ClCompile>
    <ClCompile Include="ComUtil\BugTrapWrapper.cpp">
      <Filter>Comutil</Filter>
    </ClCompile>
    <ClCompile Include="agoralWrapper\UserManager.cpp">
      <Filter>Source Files</Filter>
    </ClCompile>
  </ItemGroup>
  <ItemGroup>
    <ResourceCompile Include="SimplistAgoral_WinSDK.rc">
      <Filter>Resource Files</Filter>
    </ResourceCompile>
  </ItemGroup>
  <ItemGroup>
    <None Include="res\SimplistAgoral_WinSDK.rc2">
      <Filter>Resource Files</Filter>
    </None>
  </ItemGroup>
  <ItemGroup>
    <Image Include="res\SimplistAgoral_WinSDK.ico">
      <Filter>Resource Files</Filter>
    </Image>
  </ItemGroup>
</Project>